
Microsoft Visual Studio Solution File, Format Version 12.00
# Visual Studio Version 16
VisualStudioVersion = 16.0.30717.126
MinimumVisualStudioVersion = 10.0.40219.1
Project("{8BC9CEB8-8B4A-11D0-8D11-00A0C91BC942}") = "C3-6", "C3-6\C3-6.vcxproj", "{11E79890-0349-4FD6-A284-252D8B7CCBC2}"
EndProject
Global
	GlobalSection(SolutionConfigurationPlatforms) = preSolution
		Debug|x64 = Debug|x64
		Debug|x86 = Debug|x86
		Release|x64 = Release|x64
		Release|x86 = Release|x86
	EndGlobalSection
	GlobalSection(ProjectConfigurationPlatforms) = postSolution
		{11E79890-0349-4FD6-A284-252D8B7CCBC2}.Debug|x64.ActiveCfg = Debug|x64
		{11E79890-0349-4FD6-A284-252D8B7CCBC2}.Debug|x64.Build.0 = Debug|x64
		{11E79890-0349-4FD6-A284-252D8B7CCBC2}.Debug|x86.ActiveCfg = Debug|Win32
		{11E79890-0349-4FD6-A284-252D8B7CCBC2}.Debug|x86.Build.0 = Debug|Win32
		{11E79890-0349-4FD6-A284-252D8B7CCBC2}.Release|x64.ActiveCfg = Release|x64
		{11E79890-0349-4FD6-A284-252D8B7CCBC2}.Release|x64.Build.0 = Release|x64
		{11E79890-0349-4FD6-A284-252D8B7CCBC2}.Release|x86.ActiveCfg = Release|Win32
		{11E79890-0349-4FD6-A284-252D8B7CCBC2}.Release|x86.Build.0 = Release|Win32
	EndGlobalSection
	GlobalSection(SolutionProperties) = preSolution
		HideSolutionNode = FALSE
	EndGlobalSection
	GlobalSection(ExtensibilityGlobals) = postSolution
		SolutionGuid = {46382DF6-EBE6-4B8A-9D35-2BAF13700389}
	EndGlobalSection
EndGlobal
