
Microsoft Visual Studio Solution File, Format Version 12.00
# Visual Studio Version 16
VisualStudioVersion = 16.0.30717.126
MinimumVisualStudioVersion = 10.0.40219.1
Project("{8BC9CEB8-8B4A-11D0-8D11-00A0C91BC942}") = "C3-4", "C3-4\C3-4.vcxproj", "{39E86105-43D4-44A7-A283-25A8E37F6613}"
EndProject
Global
	GlobalSection(SolutionConfigurationPlatforms) = preSolution
		Debug|x64 = Debug|x64
		Debug|x86 = Debug|x86
		Release|x64 = Release|x64
		Release|x86 = Release|x86
	EndGlobalSection
	GlobalSection(ProjectConfigurationPlatforms) = postSolution
		{39E86105-43D4-44A7-A283-25A8E37F6613}.Debug|x64.ActiveCfg = Debug|x64
		{39E86105-43D4-44A7-A283-25A8E37F6613}.Debug|x64.Build.0 = Debug|x64
		{39E86105-43D4-44A7-A283-25A8E37F6613}.Debug|x86.ActiveCfg = Debug|Win32
		{39E86105-43D4-44A7-A283-25A8E37F6613}.Debug|x86.Build.0 = Debug|Win32
		{39E86105-43D4-44A7-A283-25A8E37F6613}.Release|x64.ActiveCfg = Release|x64
		{39E86105-43D4-44A7-A283-25A8E37F6613}.Release|x64.Build.0 = Release|x64
		{39E86105-43D4-44A7-A283-25A8E37F6613}.Release|x86.ActiveCfg = Release|Win32
		{39E86105-43D4-44A7-A283-25A8E37F6613}.Release|x86.Build.0 = Release|Win32
	EndGlobalSection
	GlobalSection(SolutionProperties) = preSolution
		HideSolutionNode = FALSE
	EndGlobalSection
	GlobalSection(ExtensibilityGlobals) = postSolution
		SolutionGuid = {B5BAB746-03BD-43EC-98E7-8562A34E66BF}
	EndGlobalSection
EndGlobal
