
Microsoft Visual Studio Solution File, Format Version 12.00
# Visual Studio Version 16
VisualStudioVersion = 16.0.30717.126
MinimumVisualStudioVersion = 10.0.40219.1
Project("{8BC9CEB8-8B4A-11D0-8D11-00A0C91BC942}") = "C6-1", "C6-1\C6-1.vcxproj", "{1DF07371-0F5D-4B87-97BD-4A57DD37A6DE}"
EndProject
Global
	GlobalSection(SolutionConfigurationPlatforms) = preSolution
		Debug|x64 = Debug|x64
		Debug|x86 = Debug|x86
		Release|x64 = Release|x64
		Release|x86 = Release|x86
	EndGlobalSection
	GlobalSection(ProjectConfigurationPlatforms) = postSolution
		{1DF07371-0F5D-4B87-97BD-4A57DD37A6DE}.Debug|x64.ActiveCfg = Debug|x64
		{1DF07371-0F5D-4B87-97BD-4A57DD37A6DE}.Debug|x64.Build.0 = Debug|x64
		{1DF07371-0F5D-4B87-97BD-4A57DD37A6DE}.Debug|x86.ActiveCfg = Debug|Win32
		{1DF07371-0F5D-4B87-97BD-4A57DD37A6DE}.Debug|x86.Build.0 = Debug|Win32
		{1DF07371-0F5D-4B87-97BD-4A57DD37A6DE}.Release|x64.ActiveCfg = Release|x64
		{1DF07371-0F5D-4B87-97BD-4A57DD37A6DE}.Release|x64.Build.0 = Release|x64
		{1DF07371-0F5D-4B87-97BD-4A57DD37A6DE}.Release|x86.ActiveCfg = Release|Win32
		{1DF07371-0F5D-4B87-97BD-4A57DD37A6DE}.Release|x86.Build.0 = Release|Win32
	EndGlobalSection
	GlobalSection(SolutionProperties) = preSolution
		HideSolutionNode = FALSE
	EndGlobalSection
	GlobalSection(ExtensibilityGlobals) = postSolution
		SolutionGuid = {29953F66-F510-4A70-AEF4-3B49D97F8871}
	EndGlobalSection
EndGlobal
